
Microsoft Visual Studio Solution File, Format Version 12.00
# Visual Studio Version 17
VisualStudioVersion = 17.0.31903.59
MinimumVisualStudioVersion = 10.0.40219.1
Project("{9A19103F-16F7-4668-BE54-9A1E7A4F7556}") = "Rayven.ActivityStreams", "src\Rayven.ActivityStreams\Rayven.ActivityStreams.csproj", "{471AA4D2-36F0-4105-B0BA-26D7C90A25D7}"
EndProject
Project("{9A19103F-16F7-4668-BE54-9A1E7A4F7556}") = "Rayven.ActivityStreams.Tests", "tests\Rayven.ActivityStreams.Tests\Rayven.ActivityStreams.Tests.csproj", "{CD3287E8-C829-4714-9846-45AF4B35EC88}"
EndProject
Global
	GlobalSection(SolutionConfigurationPlatforms) = preSolution
		Debug|Any CPU = Debug|Any CPU
		Release|Any CPU = Release|Any CPU
	EndGlobalSection
	GlobalSection(ProjectConfigurationPlatforms) = postSolution
		{471AA4D2-36F0-4105-B0BA-26D7C90A25D7}.Debug|Any CPU.ActiveCfg = Debug|Any CPU
		{471AA4D2-36F0-4105-B0BA-26D7C90A25D7}.Debug|Any CPU.Build.0 = Debug|Any CPU
		{471AA4D2-36F0-4105-B0BA-26D7C90A25D7}.Release|Any CPU.ActiveCfg = Release|Any CPU
		{471AA4D2-36F0-4105-B0BA-26D7C90A25D7}.Release|Any CPU.Build.0 = Release|Any CPU
		{CD3287E8-C829-4714-9846-45AF4B35EC88}.Debug|Any CPU.ActiveCfg = Debug|Any CPU
		{CD3287E8-C829-4714-9846-45AF4B35EC88}.Debug|Any CPU.Build.0 = Debug|Any CPU
		{CD3287E8-C829-4714-9846-45AF4B35EC88}.Release|Any CPU.ActiveCfg = Release|Any CPU
		{CD3287E8-C829-4714-9846-45AF4B35EC88}.Release|Any CPU.Build.0 = Release|Any CPU
	EndGlobalSection
	GlobalSection(SolutionProperties) = preSolution
		HideSolutionNode = FALSE
	EndGlobalSection
	GlobalSection(ExtensibilityGlobals) = postSolution
		SolutionGuid = {4D1C56DC-CBEE-49D9-8B48-D4C6297A74D1}
	EndGlobalSection
EndGlobal
